// !$*UTF8*$!
{
	archiveVersion = 1;
	classes = {
	};
	objectVersion = 56;
	objects = {

/* Begin PBXBuildFile section */
		A30FE2A92C071650009341A1 /* MockHTTPClient.swift in Sources */ = {isa = PBXBuildFile; fileRef = A30FE2A82C071650009341A1 /* MockHTTPClient.swift */; };
		A30FE2AB2C071DBA009341A1 /* OpenAIHTTPClientTests.swift in Sources */ = {isa = PBXBuildFile; fileRef = A30FE2AA2C071DBA009341A1 /* OpenAIHTTPClientTests.swift */; };
		A30FE2AD2C0721BD009341A1 /* MockHTTPRequest.swift in Sources */ = {isa = PBXBuildFile; fileRef = A30FE2AC2C0721BD009341A1 /* MockHTTPRequest.swift */; };
		A30FE2B02C072982009341A1 /* StringOptional+NotEmpty.swift in Sources */ = {isa = PBXBuildFile; fileRef = A30FE2AF2C072982009341A1 /* StringOptional+NotEmpty.swift */; };
		A30FE2B22C0734EE009341A1 /* URLSessionProtocol.swift in Sources */ = {isa = PBXBuildFile; fileRef = A30FE2B12C0734EE009341A1 /* URLSessionProtocol.swift */; };
		A30FE2B42C07380F009341A1 /* MockUrlSession.swift in Sources */ = {isa = PBXBuildFile; fileRef = A30FE2B32C07380F009341A1 /* MockUrlSession.swift */; };
		A30FE2B72C07696D009341A1 /* XCTestFuncs.swift in Sources */ = {isa = PBXBuildFile; fileRef = A30FE2B62C07696D009341A1 /* XCTestFuncs.swift */; };
		A30FE2BB2C0778D4009341A1 /* CreateImageResponse.json in Resources */ = {isa = PBXBuildFile; fileRef = A30FE2BA2C0778D4009341A1 /* CreateImageResponse.json */; };
		A30FE2BF2C077B0C009341A1 /* Data+JSONFromFile.swift in Sources */ = {isa = PBXBuildFile; fileRef = A30FE2BE2C077B0C009341A1 /* Data+JSONFromFile.swift */; };
		A30FE2C02C077F8D009341A1 /* CreateImageResponse_WrongKey.json in Resources */ = {isa = PBXBuildFile; fileRef = A30FE2BC2C077A45009341A1 /* CreateImageResponse_WrongKey.json */; };
		A32E0A2E2C16FBF900A9625C /* StoredImagesDataManager.swift in Sources */ = {isa = PBXBuildFile; fileRef = A32E0A2D2C16FBF900A9625C /* StoredImagesDataManager.swift */; };
		A32E0A302C170C8E00A9625C /* StoredDataManager.swift in Sources */ = {isa = PBXBuildFile; fileRef = A32E0A2F2C170C8E00A9625C /* StoredDataManager.swift */; };
		A32E0A352C170EF200A9625C /* StoredImagesViewModel.swift in Sources */ = {isa = PBXBuildFile; fileRef = A32E0A342C170EF200A9625C /* StoredImagesViewModel.swift */; };
		A32E0A372C170F3100A9625C /* StoredImagesView.swift in Sources */ = {isa = PBXBuildFile; fileRef = A32E0A362C170F3100A9625C /* StoredImagesView.swift */; };
		A32E0A392C17117E00A9625C /* StoredImageItemView.swift in Sources */ = {isa = PBXBuildFile; fileRef = A32E0A382C17117E00A9625C /* StoredImageItemView.swift */; };
		A32E0A3C2C17361200A9625C /* AppDateFormatter.swift in Sources */ = {isa = PBXBuildFile; fileRef = A32E0A3B2C17361200A9625C /* AppDateFormatter.swift */; };
		A32E0A3E2C1754E600A9625C /* PersistentContainerProtocol.swift in Sources */ = {isa = PBXBuildFile; fileRef = A32E0A3D2C1754E600A9625C /* PersistentContainerProtocol.swift */; };
		A34B65C92BCFCCB800A4CD96 /* GeneratedImageView.swift in Sources */ = {isa = PBXBuildFile; fileRef = A34B65C82BCFCCB800A4CD96 /* GeneratedImageView.swift */; };
		A34B65CB2BCFCCC400A4CD96 /* GeneratedImageViewModel.swift in Sources */ = {isa = PBXBuildFile; fileRef = A34B65CA2BCFCCC400A4CD96 /* GeneratedImageViewModel.swift */; };
		A34B65CE2BCFE17400A4CD96 /* OptionButton.swift in Sources */ = {isa = PBXBuildFile; fileRef = A34B65CD2BCFE17400A4CD96 /* OptionButton.swift */; };
		A34B65D02BCFE3CA00A4CD96 /* OptionButtonStyle.swift in Sources */ = {isa = PBXBuildFile; fileRef = A34B65CF2BCFE3CA00A4CD96 /* OptionButtonStyle.swift */; };
		A34B65D32BD01B4200A4CD96 /* SheetView.swift in Sources */ = {isa = PBXBuildFile; fileRef = A34B65D22BD01B4200A4CD96 /* SheetView.swift */; };
		A3624E662BC7DC7500035098 /* LoadingView.swift in Sources */ = {isa = PBXBuildFile; fileRef = A3624E652BC7DC7500035098 /* LoadingView.swift */; };
		A3624E692BC816C800035098 /* AlertView.swift in Sources */ = {isa = PBXBuildFile; fileRef = A3624E682BC816C800035098 /* AlertView.swift */; };
		A3624E6C2BC831E500035098 /* ErrorImage.swift in Sources */ = {isa = PBXBuildFile; fileRef = A3624E6B2BC831E500035098 /* ErrorImage.swift */; };
		A3655B992BAA05DC006C0025 /* AppSession.swift in Sources */ = {isa = PBXBuildFile; fileRef = A3655B982BAA05DC006C0025 /* AppSession.swift */; };
		A389DCAA2BA9F5540019D904 /* Image_GenaratorApp.swift in Sources */ = {isa = PBXBuildFile; fileRef = A389DCA92BA9F5540019D904 /* Image_GenaratorApp.swift */; };
		A389DCAE2BA9F5580019D904 /* Assets.xcassets in Resources */ = {isa = PBXBuildFile; fileRef = A389DCAD2BA9F5580019D904 /* Assets.xcassets */; };
		A389DCB12BA9F5580019D904 /* Preview Assets.xcassets in Resources */ = {isa = PBXBuildFile; fileRef = A389DCB02BA9F5580019D904 /* Preview Assets.xcassets */; };
		A389DCB62BA9F5580019D904 /* Image_Genarator.xcdatamodeld in Sources */ = {isa = PBXBuildFile; fileRef = A389DCB42BA9F5580019D904 /* Image_Genarator.xcdatamodeld */; };
		A389DCC02BA9F5590019D904 /* Image_GenaratorTests.swift in Sources */ = {isa = PBXBuildFile; fileRef = A389DCBF2BA9F5590019D904 /* Image_GenaratorTests.swift */; };
		A389DCCA2BA9F5590019D904 /* Image_GenaratorUITests.swift in Sources */ = {isa = PBXBuildFile; fileRef = A389DCC92BA9F5590019D904 /* Image_GenaratorUITests.swift */; };
		A389DCCC2BA9F5590019D904 /* Image_GenaratorUITestsLaunchTests.swift in Sources */ = {isa = PBXBuildFile; fileRef = A389DCCB2BA9F5590019D904 /* Image_GenaratorUITestsLaunchTests.swift */; };
		A3A4D3412BD6A0F800803D33 /* AppSessionTests.swift in Sources */ = {isa = PBXBuildFile; fileRef = A3A4D3402BD6A0F800803D33 /* AppSessionTests.swift */; };
		A3A4D3442BD6A62800803D33 /* CreateImageViewModelTests.swift in Sources */ = {isa = PBXBuildFile; fileRef = A3A4D3432BD6A62800803D33 /* CreateImageViewModelTests.swift */; };
		A3A4D3472BD6B4D800803D33 /* ConfigLoaderTests.swift in Sources */ = {isa = PBXBuildFile; fileRef = A3A4D3462BD6B4D800803D33 /* ConfigLoaderTests.swift */; };
		A3A77E652BC6D20600361F8F /* Roadmap in Resources */ = {isa = PBXBuildFile; fileRef = A3A77E642BC6D20600361F8F /* Roadmap */; };
		A3A77E6A2BC6DAE800361F8F /* CreateImageViewModel.swift in Sources */ = {isa = PBXBuildFile; fileRef = A3A77E692BC6DAE800361F8F /* CreateImageViewModel.swift */; };
		A3B12EB02BB18660009E4457 /* HTTPClient.swift in Sources */ = {isa = PBXBuildFile; fileRef = A3B12EAF2BB18660009E4457 /* HTTPClient.swift */; };
		A3B12EB32BB18690009E4457 /* HTTPRequest.swift in Sources */ = {isa = PBXBuildFile; fileRef = A3B12EB22BB18690009E4457 /* HTTPRequest.swift */; };
		A3B12EB72BB18B2B009E4457 /* ExtendedLocalizedError.swift in Sources */ = {isa = PBXBuildFile; fileRef = A3B12EB62BB18B2B009E4457 /* ExtendedLocalizedError.swift */; };
		A3B12EBB2BB19143009E4457 /* AppLogger.swift in Sources */ = {isa = PBXBuildFile; fileRef = A3B12EBA2BB19143009E4457 /* AppLogger.swift */; };
		A3B12EBD2BB1917C009E4457 /* Logable.swift in Sources */ = {isa = PBXBuildFile; fileRef = A3B12EBC2BB1917C009E4457 /* Logable.swift */; };
		A3B12EC42BB1BFE1009E4457 /* OpenAICreateImageRequest.swift in Sources */ = {isa = PBXBuildFile; fileRef = A3B12EC32BB1BFE1009E4457 /* OpenAICreateImageRequest.swift */; };
		A3B12EC62BB1C083009E4457 /* OpenAICreateImageResponse.swift in Sources */ = {isa = PBXBuildFile; fileRef = A3B12EC52BB1C083009E4457 /* OpenAICreateImageResponse.swift */; };
		A3B12ECB2BB1C791009E4457 /* OpenAICreateImageRequestBody.swift in Sources */ = {isa = PBXBuildFile; fileRef = A3B12ECA2BB1C791009E4457 /* OpenAICreateImageRequestBody.swift */; };
		A3B12ED02BB1CD82009E4457 /* ContentView.swift in Sources */ = {isa = PBXBuildFile; fileRef = A3B12ECF2BB1CD82009E4457 /* ContentView.swift */; };
		A3B12ED12BB1CDC6009E4457 /* CreateImageView.swift in Sources */ = {isa = PBXBuildFile; fileRef = A3B12ECD2BB1CB89009E4457 /* CreateImageView.swift */; };
		A3B4D5212BCD8F23007A6188 /* NetworkConnectionMonitor.swift in Sources */ = {isa = PBXBuildFile; fileRef = A3B4D5202BCD8F23007A6188 /* NetworkConnectionMonitor.swift */; };
		A3BF9EB12BD0379B00B9F082 /* SheetViewRow.swift in Sources */ = {isa = PBXBuildFile; fileRef = A3BF9EB02BD0379B00B9F082 /* SheetViewRow.swift */; };
		A3CC27192BAAF4DA00571E5B /* OpenAIHTTPClient.swift in Sources */ = {isa = PBXBuildFile; fileRef = A3CC27182BAAF4DA00571E5B /* OpenAIHTTPClient.swift */; };
		A3CC271C2BAAF52A00571E5B /* ConfigLoader.swift in Sources */ = {isa = PBXBuildFile; fileRef = A3CC271B2BAAF52A00571E5B /* ConfigLoader.swift */; };
		A3CC271E2BAB365B00571E5B /* Config.plist in Resources */ = {isa = PBXBuildFile; fileRef = A3CC271D2BAB365B00571E5B /* Config.plist */; };
		A3CC27262BAB39FF00571E5B /* APIUrls.swift in Sources */ = {isa = PBXBuildFile; fileRef = A3CC27242BAB39C900571E5B /* APIUrls.swift */; };
		A3CEFD3C2C2AFD7C00F9A11B /* AIGenerationModel.swift in Sources */ = {isa = PBXBuildFile; fileRef = A3CEFD3B2C2AFD7C00F9A11B /* AIGenerationModel.swift */; };
		A3CEFD3E2C2AFE1700F9A11B /* StableDiffusionModel.swift in Sources */ = {isa = PBXBuildFile; fileRef = A3CEFD3D2C2AFE1700F9A11B /* StableDiffusionModel.swift */; };
		A3CEFD402C2AFF2900F9A11B /* OpenAIGenerationModel.swift in Sources */ = {isa = PBXBuildFile; fileRef = A3CEFD3F2C2AFF2900F9A11B /* OpenAIGenerationModel.swift */; };
		A3CEFD442C2B017600F9A11B /* StableDiffusionCreateImageRequest.swift in Sources */ = {isa = PBXBuildFile; fileRef = A3CEFD432C2B017600F9A11B /* StableDiffusionCreateImageRequest.swift */; };
		A3CEFD462C2B01A200F9A11B /* StableDiffusionCreateImageRequestBody.swift in Sources */ = {isa = PBXBuildFile; fileRef = A3CEFD452C2B01A200F9A11B /* StableDiffusionCreateImageRequestBody.swift */; };
		A3CEFD482C2B02C200F9A11B /* StableDiffusionHTTPClient.swift in Sources */ = {isa = PBXBuildFile; fileRef = A3CEFD472C2B02C200F9A11B /* StableDiffusionHTTPClient.swift */; };
		A3CEFD4C2C2B03D600F9A11B /* StableDiffusionCreateImageResponse.swift in Sources */ = {isa = PBXBuildFile; fileRef = A3CEFD4B2C2B03B600F9A11B /* StableDiffusionCreateImageResponse.swift */; };
		A3CEFD502C2B0A8F00F9A11B /* CreateImageResponseMapper.swift in Sources */ = {isa = PBXBuildFile; fileRef = A3CEFD4F2C2B0A8F00F9A11B /* CreateImageResponseMapper.swift */; };
		A3D247362C2D5E8A00CE31C9 /* GeneratedImage.swift in Sources */ = {isa = PBXBuildFile; fileRef = A3D247352C2D5E8900CE31C9 /* GeneratedImage.swift */; };
		A3DF39272BCE9A66003EAF23 /* View+DismissKeyboard.swift in Sources */ = {isa = PBXBuildFile; fileRef = A3DF39262BCE9A66003EAF23 /* View+DismissKeyboard.swift */; };
		A3DF392A2BCE9B0D003EAF23 /* UIApplication+EndEditing.swift in Sources */ = {isa = PBXBuildFile; fileRef = A3DF39292BCE9B0D003EAF23 /* UIApplication+EndEditing.swift */; };
		A3DF39332BCEA6B0003EAF23 /* Color+Custom.swift in Sources */ = {isa = PBXBuildFile; fileRef = A3DF39322BCEA6B0003EAF23 /* Color+Custom.swift */; };
		A3DF39362BCEC299003EAF23 /* CTAButtonStyle.swift in Sources */ = {isa = PBXBuildFile; fileRef = A3DF39352BCEC299003EAF23 /* CTAButtonStyle.swift */; };
		A3DF39382BCEC7C8003EAF23 /* MainButton.swift in Sources */ = {isa = PBXBuildFile; fileRef = A3DF39372BCEC7C8003EAF23 /* MainButton.swift */; };
		A3DF393B2BCED533003EAF23 /* Binding+Map.swift in Sources */ = {isa = PBXBuildFile; fileRef = A3DF393A2BCED533003EAF23 /* Binding+Map.swift */; };
		A3E299162C13487A007F22F7 /* SettingsView.swift in Sources */ = {isa = PBXBuildFile; fileRef = A3E299152C13487A007F22F7 /* SettingsView.swift */; };
		A3E2991B2C134F84007F22F7 /* SettingsViewModel.swift in Sources */ = {isa = PBXBuildFile; fileRef = A3E2991A2C134F84007F22F7 /* SettingsViewModel.swift */; };
		A3E3F85E2C1B1C1000720F5D /* StoredDataManagerTests.swift in Sources */ = {isa = PBXBuildFile; fileRef = A3E3F85D2C1B1C1000720F5D /* StoredDataManagerTests.swift */; };
		A3E3F8632C1B225400720F5D /* MockPersistentContainer.swift in Sources */ = {isa = PBXBuildFile; fileRef = A3E3F8622C1B225400720F5D /* MockPersistentContainer.swift */; };
		A3E4D8C52C16F76400738266 /* StoredImage+CoreDataProperties.swift in Sources */ = {isa = PBXBuildFile; fileRef = A3E4D8C32C16F76400738266 /* StoredImage+CoreDataProperties.swift */; };
		A3E4D8C62C16F76400738266 /* StoredImage+CoreDataClass.swift in Sources */ = {isa = PBXBuildFile; fileRef = A3E4D8C42C16F76400738266 /* StoredImage+CoreDataClass.swift */; };
		A3E82D902C2AD75F00644597 /* ErrorResponse.swift in Sources */ = {isa = PBXBuildFile; fileRef = A3E82D8F2C2AD75F00644597 /* ErrorResponse.swift */; };
/* End PBXBuildFile section */

/* Begin PBXContainerItemProxy section */
		A389DCBC2BA9F5590019D904 /* PBXContainerItemProxy */ = {
			isa = PBXContainerItemProxy;
			containerPortal = A389DC9E2BA9F5540019D904 /* Project object */;
			proxyType = 1;
			remoteGlobalIDString = A389DCA52BA9F5540019D904;
			remoteInfo = "Image Genarator";
		};
		A389DCC62BA9F5590019D904 /* PBXContainerItemProxy */ = {
			isa = PBXContainerItemProxy;
			containerPortal = A389DC9E2BA9F5540019D904 /* Project object */;
			proxyType = 1;
			remoteGlobalIDString = A389DCA52BA9F5540019D904;
			remoteInfo = "Image Genarator";
		};
/* End PBXContainerItemProxy section */

/* Begin PBXFileReference section */
		A30FE2A82C071650009341A1 /* MockHTTPClient.swift */ = {isa = PBXFileReference; lastKnownFileType = sourcecode.swift; path = MockHTTPClient.swift; sourceTree = "<group>"; };
		A30FE2AA2C071DBA009341A1 /* OpenAIHTTPClientTests.swift */ = {isa = PBXFileReference; lastKnownFileType = sourcecode.swift; path = OpenAIHTTPClientTests.swift; sourceTree = "<group>"; };
		A30FE2AC2C0721BD009341A1 /* MockHTTPRequest.swift */ = {isa = PBXFileReference; lastKnownFileType = sourcecode.swift; path = MockHTTPRequest.swift; sourceTree = "<group>"; };
		A30FE2AF2C072982009341A1 /* StringOptional+NotEmpty.swift */ = {isa = PBXFileReference; lastKnownFileType = sourcecode.swift; path = "StringOptional+NotEmpty.swift"; sourceTree = "<group>"; };
		A30FE2B12C0734EE009341A1 /* URLSessionProtocol.swift */ = {isa = PBXFileReference; lastKnownFileType = sourcecode.swift; path = URLSessionProtocol.swift; sourceTree = "<group>"; };
		A30FE2B32C07380F009341A1 /* MockUrlSession.swift */ = {isa = PBXFileReference; lastKnownFileType = sourcecode.swift; path = MockUrlSession.swift; sourceTree = "<group>"; };
		A30FE2B62C07696D009341A1 /* XCTestFuncs.swift */ = {isa = PBXFileReference; lastKnownFileType = sourcecode.swift; path = XCTestFuncs.swift; sourceTree = "<group>"; };
		A30FE2BA2C0778D4009341A1 /* CreateImageResponse.json */ = {isa = PBXFileReference; lastKnownFileType = text.json; path = CreateImageResponse.json; sourceTree = "<group>"; };
		A30FE2BC2C077A45009341A1 /* CreateImageResponse_WrongKey.json */ = {isa = PBXFileReference; lastKnownFileType = text.json; path = CreateImageResponse_WrongKey.json; sourceTree = "<group>"; };
		A30FE2BE2C077B0C009341A1 /* Data+JSONFromFile.swift */ = {isa = PBXFileReference; lastKnownFileType = sourcecode.swift; path = "Data+JSONFromFile.swift"; sourceTree = "<group>"; };
		A32E0A2D2C16FBF900A9625C /* StoredImagesDataManager.swift */ = {isa = PBXFileReference; lastKnownFileType = sourcecode.swift; path = StoredImagesDataManager.swift; sourceTree = "<group>"; };
		A32E0A2F2C170C8E00A9625C /* StoredDataManager.swift */ = {isa = PBXFileReference; lastKnownFileType = sourcecode.swift; path = StoredDataManager.swift; sourceTree = "<group>"; };
		A32E0A342C170EF200A9625C /* StoredImagesViewModel.swift */ = {isa = PBXFileReference; lastKnownFileType = sourcecode.swift; path = StoredImagesViewModel.swift; sourceTree = "<group>"; };
		A32E0A362C170F3100A9625C /* StoredImagesView.swift */ = {isa = PBXFileReference; lastKnownFileType = sourcecode.swift; path = StoredImagesView.swift; sourceTree = "<group>"; };
		A32E0A382C17117E00A9625C /* StoredImageItemView.swift */ = {isa = PBXFileReference; lastKnownFileType = sourcecode.swift; path = StoredImageItemView.swift; sourceTree = "<group>"; };
		A32E0A3B2C17361200A9625C /* AppDateFormatter.swift */ = {isa = PBXFileReference; lastKnownFileType = sourcecode.swift; path = AppDateFormatter.swift; sourceTree = "<group>"; };
		A32E0A3D2C1754E600A9625C /* PersistentContainerProtocol.swift */ = {isa = PBXFileReference; lastKnownFileType = sourcecode.swift; path = PersistentContainerProtocol.swift; sourceTree = "<group>"; };
		A34B65C82BCFCCB800A4CD96 /* GeneratedImageView.swift */ = {isa = PBXFileReference; lastKnownFileType = sourcecode.swift; path = GeneratedImageView.swift; sourceTree = "<group>"; };
		A34B65CA2BCFCCC400A4CD96 /* GeneratedImageViewModel.swift */ = {isa = PBXFileReference; lastKnownFileType = sourcecode.swift; path = GeneratedImageViewModel.swift; sourceTree = "<group>"; };
		A34B65CD2BCFE17400A4CD96 /* OptionButton.swift */ = {isa = PBXFileReference; lastKnownFileType = sourcecode.swift; path = OptionButton.swift; sourceTree = "<group>"; };
		A34B65CF2BCFE3CA00A4CD96 /* OptionButtonStyle.swift */ = {isa = PBXFileReference; lastKnownFileType = sourcecode.swift; path = OptionButtonStyle.swift; sourceTree = "<group>"; };
		A34B65D22BD01B4200A4CD96 /* SheetView.swift */ = {isa = PBXFileReference; lastKnownFileType = sourcecode.swift; path = SheetView.swift; sourceTree = "<group>"; };
		A3624E652BC7DC7500035098 /* LoadingView.swift */ = {isa = PBXFileReference; lastKnownFileType = sourcecode.swift; path = LoadingView.swift; sourceTree = "<group>"; };
		A3624E682BC816C800035098 /* AlertView.swift */ = {isa = PBXFileReference; lastKnownFileType = sourcecode.swift; path = AlertView.swift; sourceTree = "<group>"; };
		A3624E6B2BC831E500035098 /* ErrorImage.swift */ = {isa = PBXFileReference; lastKnownFileType = sourcecode.swift; path = ErrorImage.swift; sourceTree = "<group>"; };
		A3655B982BAA05DC006C0025 /* AppSession.swift */ = {isa = PBXFileReference; lastKnownFileType = sourcecode.swift; path = AppSession.swift; sourceTree = "<group>"; };
		A389DCA62BA9F5540019D904 /* Image Genarator.app */ = {isa = PBXFileReference; explicitFileType = wrapper.application; includeInIndex = 0; path = "Image Genarator.app"; sourceTree = BUILT_PRODUCTS_DIR; };
		A389DCA92BA9F5540019D904 /* Image_GenaratorApp.swift */ = {isa = PBXFileReference; lastKnownFileType = sourcecode.swift; path = Image_GenaratorApp.swift; sourceTree = "<group>"; };
		A389DCAB2BA9F5550019D904 /* ContentView_.swift */ = {isa = PBXFileReference; lastKnownFileType = sourcecode.swift; path = ContentView_.swift; sourceTree = "<group>"; };
		A389DCAD2BA9F5580019D904 /* Assets.xcassets */ = {isa = PBXFileReference; lastKnownFileType = folder.assetcatalog; path = Assets.xcassets; sourceTree = "<group>"; };
		A389DCB02BA9F5580019D904 /* Preview Assets.xcassets */ = {isa = PBXFileReference; lastKnownFileType = folder.assetcatalog; path = "Preview Assets.xcassets"; sourceTree = "<group>"; };
		A389DCB22BA9F5580019D904 /* Persistence.swift */ = {isa = PBXFileReference; lastKnownFileType = sourcecode.swift; path = Persistence.swift; sourceTree = "<group>"; };
		A389DCB52BA9F5580019D904 /* Image_Genarator.xcdatamodel */ = {isa = PBXFileReference; lastKnownFileType = wrapper.xcdatamodel; path = Image_Genarator.xcdatamodel; sourceTree = "<group>"; };
		A389DCBB2BA9F5590019D904 /* Image GenaratorTests.xctest */ = {isa = PBXFileReference; explicitFileType = wrapper.cfbundle; includeInIndex = 0; path = "Image GenaratorTests.xctest"; sourceTree = BUILT_PRODUCTS_DIR; };
		A389DCBF2BA9F5590019D904 /* Image_GenaratorTests.swift */ = {isa = PBXFileReference; lastKnownFileType = sourcecode.swift; path = Image_GenaratorTests.swift; sourceTree = "<group>"; };
		A389DCC52BA9F5590019D904 /* Image GenaratorUITests.xctest */ = {isa = PBXFileReference; explicitFileType = wrapper.cfbundle; includeInIndex = 0; path = "Image GenaratorUITests.xctest"; sourceTree = BUILT_PRODUCTS_DIR; };
		A389DCC92BA9F5590019D904 /* Image_GenaratorUITests.swift */ = {isa = PBXFileReference; lastKnownFileType = sourcecode.swift; path = Image_GenaratorUITests.swift; sourceTree = "<group>"; };
		A389DCCB2BA9F5590019D904 /* Image_GenaratorUITestsLaunchTests.swift */ = {isa = PBXFileReference; lastKnownFileType = sourcecode.swift; path = Image_GenaratorUITestsLaunchTests.swift; sourceTree = "<group>"; };
		A3A4D3402BD6A0F800803D33 /* AppSessionTests.swift */ = {isa = PBXFileReference; lastKnownFileType = sourcecode.swift; path = AppSessionTests.swift; sourceTree = "<group>"; };
		A3A4D3432BD6A62800803D33 /* CreateImageViewModelTests.swift */ = {isa = PBXFileReference; lastKnownFileType = sourcecode.swift; path = CreateImageViewModelTests.swift; sourceTree = "<group>"; };
		A3A4D3462BD6B4D800803D33 /* ConfigLoaderTests.swift */ = {isa = PBXFileReference; lastKnownFileType = sourcecode.swift; path = ConfigLoaderTests.swift; sourceTree = "<group>"; };
		A3A77E642BC6D20600361F8F /* Roadmap */ = {isa = PBXFileReference; lastKnownFileType = text; path = Roadmap; sourceTree = "<group>"; };
		A3A77E692BC6DAE800361F8F /* CreateImageViewModel.swift */ = {isa = PBXFileReference; lastKnownFileType = sourcecode.swift; path = CreateImageViewModel.swift; sourceTree = "<group>"; };
		A3B12EAF2BB18660009E4457 /* HTTPClient.swift */ = {isa = PBXFileReference; lastKnownFileType = sourcecode.swift; path = HTTPClient.swift; sourceTree = "<group>"; };
		A3B12EB22BB18690009E4457 /* HTTPRequest.swift */ = {isa = PBXFileReference; lastKnownFileType = sourcecode.swift; path = HTTPRequest.swift; sourceTree = "<group>"; };
		A3B12EB62BB18B2B009E4457 /* ExtendedLocalizedError.swift */ = {isa = PBXFileReference; lastKnownFileType = sourcecode.swift; path = ExtendedLocalizedError.swift; sourceTree = "<group>"; };
		A3B12EBA2BB19143009E4457 /* AppLogger.swift */ = {isa = PBXFileReference; lastKnownFileType = sourcecode.swift; path = AppLogger.swift; sourceTree = "<group>"; };
		A3B12EBC2BB1917C009E4457 /* Logable.swift */ = {isa = PBXFileReference; lastKnownFileType = sourcecode.swift; path = Logable.swift; sourceTree = "<group>"; };
		A3B12EC32BB1BFE1009E4457 /* OpenAICreateImageRequest.swift */ = {isa = PBXFileReference; lastKnownFileType = sourcecode.swift; path = OpenAICreateImageRequest.swift; sourceTree = "<group>"; };
		A3B12EC52BB1C083009E4457 /* OpenAICreateImageResponse.swift */ = {isa = PBXFileReference; lastKnownFileType = sourcecode.swift; path = OpenAICreateImageResponse.swift; sourceTree = "<group>"; };
		A3B12ECA2BB1C791009E4457 /* OpenAICreateImageRequestBody.swift */ = {isa = PBXFileReference; lastKnownFileType = sourcecode.swift; path = OpenAICreateImageRequestBody.swift; sourceTree = "<group>"; };
		A3B12ECD2BB1CB89009E4457 /* CreateImageView.swift */ = {isa = PBXFileReference; lastKnownFileType = sourcecode.swift; path = CreateImageView.swift; sourceTree = "<group>"; };
		A3B12ECF2BB1CD82009E4457 /* ContentView.swift */ = {isa = PBXFileReference; lastKnownFileType = sourcecode.swift; path = ContentView.swift; sourceTree = "<group>"; };
		A3B4D5202BCD8F23007A6188 /* NetworkConnectionMonitor.swift */ = {isa = PBXFileReference; lastKnownFileType = sourcecode.swift; path = NetworkConnectionMonitor.swift; sourceTree = "<group>"; };
		A3BF9EB02BD0379B00B9F082 /* SheetViewRow.swift */ = {isa = PBXFileReference; lastKnownFileType = sourcecode.swift; path = SheetViewRow.swift; sourceTree = "<group>"; };
		A3CC27182BAAF4DA00571E5B /* OpenAIHTTPClient.swift */ = {isa = PBXFileReference; lastKnownFileType = sourcecode.swift; path = OpenAIHTTPClient.swift; sourceTree = "<group>"; };
		A3CC271B2BAAF52A00571E5B /* ConfigLoader.swift */ = {isa = PBXFileReference; lastKnownFileType = sourcecode.swift; path = ConfigLoader.swift; sourceTree = "<group>"; };
		A3CC271D2BAB365B00571E5B /* Config.plist */ = {isa = PBXFileReference; lastKnownFileType = text.plist.xml; path = Config.plist; sourceTree = "<group>"; };
		A3CC27242BAB39C900571E5B /* APIUrls.swift */ = {isa = PBXFileReference; fileEncoding = 4; lastKnownFileType = sourcecode.swift; path = APIUrls.swift; sourceTree = "<group>"; };
		A3CEFD3B2C2AFD7C00F9A11B /* AIGenerationModel.swift */ = {isa = PBXFileReference; lastKnownFileType = sourcecode.swift; path = AIGenerationModel.swift; sourceTree = "<group>"; };
		A3CEFD3D2C2AFE1700F9A11B /* StableDiffusionModel.swift */ = {isa = PBXFileReference; lastKnownFileType = sourcecode.swift; path = StableDiffusionModel.swift; sourceTree = "<group>"; };
		A3CEFD3F2C2AFF2900F9A11B /* OpenAIGenerationModel.swift */ = {isa = PBXFileReference; lastKnownFileType = sourcecode.swift; path = OpenAIGenerationModel.swift; sourceTree = "<group>"; };
		A3CEFD432C2B017600F9A11B /* StableDiffusionCreateImageRequest.swift */ = {isa = PBXFileReference; lastKnownFileType = sourcecode.swift; path = StableDiffusionCreateImageRequest.swift; sourceTree = "<group>"; };
		A3CEFD452C2B01A200F9A11B /* StableDiffusionCreateImageRequestBody.swift */ = {isa = PBXFileReference; lastKnownFileType = sourcecode.swift; path = StableDiffusionCreateImageRequestBody.swift; sourceTree = "<group>"; };
		A3CEFD472C2B02C200F9A11B /* StableDiffusionHTTPClient.swift */ = {isa = PBXFileReference; lastKnownFileType = sourcecode.swift; path = StableDiffusionHTTPClient.swift; sourceTree = "<group>"; };
		A3CEFD4B2C2B03B600F9A11B /* StableDiffusionCreateImageResponse.swift */ = {isa = PBXFileReference; lastKnownFileType = sourcecode.swift; path = StableDiffusionCreateImageResponse.swift; sourceTree = "<group>"; };
		A3CEFD4F2C2B0A8F00F9A11B /* CreateImageResponseMapper.swift */ = {isa = PBXFileReference; lastKnownFileType = sourcecode.swift; path = CreateImageResponseMapper.swift; sourceTree = "<group>"; };
		A3D247352C2D5E8900CE31C9 /* GeneratedImage.swift */ = {isa = PBXFileReference; lastKnownFileType = sourcecode.swift; path = GeneratedImage.swift; sourceTree = "<group>"; };
		A3DF39262BCE9A66003EAF23 /* View+DismissKeyboard.swift */ = {isa = PBXFileReference; lastKnownFileType = sourcecode.swift; path = "View+DismissKeyboard.swift"; sourceTree = "<group>"; };
		A3DF39292BCE9B0D003EAF23 /* UIApplication+EndEditing.swift */ = {isa = PBXFileReference; lastKnownFileType = sourcecode.swift; path = "UIApplication+EndEditing.swift"; sourceTree = "<group>"; };
		A3DF39322BCEA6B0003EAF23 /* Color+Custom.swift */ = {isa = PBXFileReference; lastKnownFileType = sourcecode.swift; path = "Color+Custom.swift"; sourceTree = "<group>"; };
		A3DF39352BCEC299003EAF23 /* CTAButtonStyle.swift */ = {isa = PBXFileReference; lastKnownFileType = sourcecode.swift; path = CTAButtonStyle.swift; sourceTree = "<group>"; };
		A3DF39372BCEC7C8003EAF23 /* MainButton.swift */ = {isa = PBXFileReference; lastKnownFileType = sourcecode.swift; path = MainButton.swift; sourceTree = "<group>"; };
		A3DF393A2BCED533003EAF23 /* Binding+Map.swift */ = {isa = PBXFileReference; lastKnownFileType = sourcecode.swift; path = "Binding+Map.swift"; sourceTree = "<group>"; };
		A3E299152C13487A007F22F7 /* SettingsView.swift */ = {isa = PBXFileReference; lastKnownFileType = sourcecode.swift; path = SettingsView.swift; sourceTree = "<group>"; };
		A3E2991A2C134F84007F22F7 /* SettingsViewModel.swift */ = {isa = PBXFileReference; lastKnownFileType = sourcecode.swift; path = SettingsViewModel.swift; sourceTree = "<group>"; };
		A3E3F85D2C1B1C1000720F5D /* StoredDataManagerTests.swift */ = {isa = PBXFileReference; lastKnownFileType = sourcecode.swift; path = StoredDataManagerTests.swift; sourceTree = "<group>"; };
		A3E3F8622C1B225400720F5D /* MockPersistentContainer.swift */ = {isa = PBXFileReference; lastKnownFileType = sourcecode.swift; path = MockPersistentContainer.swift; sourceTree = "<group>"; };
		A3E4D8C32C16F76400738266 /* StoredImage+CoreDataProperties.swift */ = {isa = PBXFileReference; fileEncoding = 4; lastKnownFileType = sourcecode.swift; path = "StoredImage+CoreDataProperties.swift"; sourceTree = "<group>"; };
		A3E4D8C42C16F76400738266 /* StoredImage+CoreDataClass.swift */ = {isa = PBXFileReference; fileEncoding = 4; lastKnownFileType = sourcecode.swift; path = "StoredImage+CoreDataClass.swift"; sourceTree = "<group>"; };
		A3E82D8F2C2AD75F00644597 /* ErrorResponse.swift */ = {isa = PBXFileReference; lastKnownFileType = sourcecode.swift; path = ErrorResponse.swift; sourceTree = "<group>"; };
/* End PBXFileReference section */

/* Begin PBXFrameworksBuildPhase section */
		A389DCA32BA9F5540019D904 /* Frameworks */ = {
			isa = PBXFrameworksBuildPhase;
			buildActionMask = 2147483647;
			files = (
			);
			runOnlyForDeploymentPostprocessing = 0;
		};
		A389DCB82BA9F5590019D904 /* Frameworks */ = {
			isa = PBXFrameworksBuildPhase;
			buildActionMask = 2147483647;
			files = (
			);
			runOnlyForDeploymentPostprocessing = 0;
		};
		A389DCC22BA9F5590019D904 /* Frameworks */ = {
			isa = PBXFrameworksBuildPhase;
			buildActionMask = 2147483647;
			files = (
			);
			runOnlyForDeploymentPostprocessing = 0;
		};
/* End PBXFrameworksBuildPhase section */

/* Begin PBXGroup section */
		A30FE2A42C0714B5009341A1 /* Networking */ = {
			isa = PBXGroup;
			children = (
				A30FE2AA2C071DBA009341A1 /* OpenAIHTTPClientTests.swift */,
			);
			path = Networking;
			sourceTree = "<group>";
		};
		A30FE2A52C07162E009341A1 /* Data */ = {
			isa = PBXGroup;
			children = (
				A30FE2BA2C0778D4009341A1 /* CreateImageResponse.json */,
				A30FE2BC2C077A45009341A1 /* CreateImageResponse_WrongKey.json */,
			);
			path = Data;
			sourceTree = "<group>";
		};
		A30FE2A62C071632009341A1 /* Test Types */ = {
			isa = PBXGroup;
			children = (
				A30FE2BD2C077AFA009341A1 /* Extensions */,
				A3A4D33E2BD6A0BA00803D33 /* Cases */,
				A30FE2A72C071641009341A1 /* Mocks */,
			);
			path = "Test Types";
			sourceTree = "<group>";
		};
		A30FE2A72C071641009341A1 /* Mocks */ = {
			isa = PBXGroup;
			children = (
				A30FE2B32C07380F009341A1 /* MockUrlSession.swift */,
				A30FE2A82C071650009341A1 /* MockHTTPClient.swift */,
				A30FE2AC2C0721BD009341A1 /* MockHTTPRequest.swift */,
				A3E3F8622C1B225400720F5D /* MockPersistentContainer.swift */,
			);
			path = Mocks;
			sourceTree = "<group>";
		};
		A30FE2AE2C072974009341A1 /* String */ = {
			isa = PBXGroup;
			children = (
				A30FE2AF2C072982009341A1 /* StringOptional+NotEmpty.swift */,
			);
			path = String;
			sourceTree = "<group>";
		};
		A30FE2B52C07695C009341A1 /* Funcs */ = {
			isa = PBXGroup;
			children = (
				A30FE2B62C07696D009341A1 /* XCTestFuncs.swift */,
			);
			path = Funcs;
			sourceTree = "<group>";
		};
		A30FE2BD2C077AFA009341A1 /* Extensions */ = {
			isa = PBXGroup;
			children = (
				A30FE2BE2C077B0C009341A1 /* Data+JSONFromFile.swift */,
			);
			path = Extensions;
			sourceTree = "<group>";
		};
		A32E0A2B2C16FBCD00A9625C /* Storage */ = {
			isa = PBXGroup;
			children = (
				A32E0A3D2C1754E600A9625C /* PersistentContainerProtocol.swift */,
				A32E0A2C2C16FBD300A9625C /* Stored Images Data Manager */,
			);
			path = Storage;
			sourceTree = "<group>";
		};
		A32E0A2C2C16FBD300A9625C /* Stored Images Data Manager */ = {
			isa = PBXGroup;
			children = (
				A32E0A2F2C170C8E00A9625C /* StoredDataManager.swift */,
				A32E0A2D2C16FBF900A9625C /* StoredImagesDataManager.swift */,
			);
			path = "Stored Images Data Manager";
			sourceTree = "<group>";
		};
		A32E0A312C170ED700A9625C /* Stored Images */ = {
			isa = PBXGroup;
			children = (
				A32E0A332C170EE300A9625C /* View Model */,
				A32E0A322C170EDF00A9625C /* View */,
			);
			path = "Stored Images";
			sourceTree = "<group>";
		};
		A32E0A322C170EDF00A9625C /* View */ = {
			isa = PBXGroup;
			children = (
				A32E0A362C170F3100A9625C /* StoredImagesView.swift */,
				A32E0A382C17117E00A9625C /* StoredImageItemView.swift */,
			);
			path = View;
			sourceTree = "<group>";
		};
		A32E0A332C170EE300A9625C /* View Model */ = {
			isa = PBXGroup;
			children = (
				A32E0A342C170EF200A9625C /* StoredImagesViewModel.swift */,
			);
			path = "View Model";
			sourceTree = "<group>";
		};
		A32E0A3A2C17360000A9625C /* Date Formatter */ = {
			isa = PBXGroup;
			children = (
				A32E0A3B2C17361200A9625C /* AppDateFormatter.swift */,
			);
			path = "Date Formatter";
			sourceTree = "<group>";
		};
		A34B65C52BCFCC9100A4CD96 /* Generated Image */ = {
			isa = PBXGroup;
			children = (
				A34B65C72BCFCCA200A4CD96 /* View Model */,
				A34B65C62BCFCC9C00A4CD96 /* View */,
			);
			path = "Generated Image";
			sourceTree = "<group>";
		};
		A34B65C62BCFCC9C00A4CD96 /* View */ = {
			isa = PBXGroup;
			children = (
				A34B65C82BCFCCB800A4CD96 /* GeneratedImageView.swift */,
			);
			path = View;
			sourceTree = "<group>";
		};
		A34B65C72BCFCCA200A4CD96 /* View Model */ = {
			isa = PBXGroup;
			children = (
				A34B65CA2BCFCCC400A4CD96 /* GeneratedImageViewModel.swift */,
			);
			path = "View Model";
			sourceTree = "<group>";
		};
		A34B65CC2BCFE16000A4CD96 /* Option Button */ = {
			isa = PBXGroup;
			children = (
				A34B65CD2BCFE17400A4CD96 /* OptionButton.swift */,
			);
			path = "Option Button";
			sourceTree = "<group>";
		};
		A34B65D12BD01B3400A4CD96 /* Sheet View */ = {
			isa = PBXGroup;
			children = (
				A34B65D22BD01B4200A4CD96 /* SheetView.swift */,
				A3BF9EB02BD0379B00B9F082 /* SheetViewRow.swift */,
			);
			path = "Sheet View";
			sourceTree = "<group>";
		};
		A3624E632BC7DC5500035098 /* Views */ = {
			isa = PBXGroup;
			children = (
				A34B65D12BD01B3400A4CD96 /* Sheet View */,
				A34B65CC2BCFE16000A4CD96 /* Option Button */,
				A3DF39342BCEC284003EAF23 /* Button Styles */,
				A3DF392E2BCEA5A5003EAF23 /* Button */,
				A3624E6A2BC831DA00035098 /* ErrorImage */,
				A3624E672BC816BA00035098 /* AlertView */,
				A3624E642BC7DC5B00035098 /* LoadingView */,
			);
			path = Views;
			sourceTree = "<group>";
		};
		A3624E642BC7DC5B00035098 /* LoadingView */ = {
			isa = PBXGroup;
			children = (
				A3624E652BC7DC7500035098 /* LoadingView.swift */,
			);
			path = LoadingView;
			sourceTree = "<group>";
		};
		A3624E672BC816BA00035098 /* AlertView */ = {
			isa = PBXGroup;
			children = (
				A3624E682BC816C800035098 /* AlertView.swift */,
			);
			path = AlertView;
			sourceTree = "<group>";
		};
		A3624E6A2BC831DA00035098 /* ErrorImage */ = {
			isa = PBXGroup;
			children = (
				A3624E6B2BC831E500035098 /* ErrorImage.swift */,
			);
			path = ErrorImage;
			sourceTree = "<group>";
		};
		A389DC9D2BA9F5540019D904 = {
			isa = PBXGroup;
			children = (
				A389DCA82BA9F5540019D904 /* Image Genarator */,
				A389DCBE2BA9F5590019D904 /* Image GenaratorTests */,
				A389DCC82BA9F5590019D904 /* Image GenaratorUITests */,
				A389DCA72BA9F5540019D904 /* Products */,
			);
			sourceTree = "<group>";
		};
		A389DCA72BA9F5540019D904 /* Products */ = {
			isa = PBXGroup;
			children = (
				A389DCA62BA9F5540019D904 /* Image Genarator.app */,
				A389DCBB2BA9F5590019D904 /* Image GenaratorTests.xctest */,
				A389DCC52BA9F5590019D904 /* Image GenaratorUITests.xctest */,
			);
			name = Products;
			sourceTree = "<group>";
		};
		A389DCA82BA9F5540019D904 /* Image Genarator */ = {
			isa = PBXGroup;
			children = (
				A3A77E642BC6D20600361F8F /* Roadmap */,
				A389DCA92BA9F5540019D904 /* Image_GenaratorApp.swift */,
				A3CC27162BAAF48D00571E5B /* AppSession */,
				A389DCDA2BA9F8C30019D904 /* Modules */,
				A3B12EB82BB19120009E4457 /* Services */,
				A3B12EB42BB18AD4009E4457 /* Utils */,
				A389DCD92BA9F8AA0019D904 /* CoreData */,
				A389DCD82BA9F89F0019D904 /* Resources */,
				A389DCAF2BA9F5580019D904 /* Preview Content */,
			);
			path = "Image Genarator";
			sourceTree = "<group>";
		};
		A389DCAF2BA9F5580019D904 /* Preview Content */ = {
			isa = PBXGroup;
			children = (
				A389DCB02BA9F5580019D904 /* Preview Assets.xcassets */,
			);
			path = "Preview Content";
			sourceTree = "<group>";
		};
		A389DCBE2BA9F5590019D904 /* Image GenaratorTests */ = {
			isa = PBXGroup;
			children = (
				A30FE2B52C07695C009341A1 /* Funcs */,
				A30FE2A62C071632009341A1 /* Test Types */,
				A30FE2A52C07162E009341A1 /* Data */,
				A389DCBF2BA9F5590019D904 /* Image_GenaratorTests.swift */,
			);
			path = "Image GenaratorTests";
			sourceTree = "<group>";
		};
		A389DCC82BA9F5590019D904 /* Image GenaratorUITests */ = {
			isa = PBXGroup;
			children = (
				A389DCC92BA9F5590019D904 /* Image_GenaratorUITests.swift */,
				A389DCCB2BA9F5590019D904 /* Image_GenaratorUITestsLaunchTests.swift */,
			);
			path = "Image GenaratorUITests";
			sourceTree = "<group>";
		};
		A389DCD82BA9F89F0019D904 /* Resources */ = {
			isa = PBXGroup;
			children = (
				A3CC271A2BAAF50F00571E5B /* ConfigLoader */,
				A389DCAD2BA9F5580019D904 /* Assets.xcassets */,
				A3CC27242BAB39C900571E5B /* APIUrls.swift */,
			);
			path = Resources;
			sourceTree = "<group>";
		};
		A389DCD92BA9F8AA0019D904 /* CoreData */ = {
			isa = PBXGroup;
			children = (
				A3E4D8C22C16F76400738266 /* Models */,
				A389DCB22BA9F5580019D904 /* Persistence.swift */,
				A389DCB42BA9F5580019D904 /* Image_Genarator.xcdatamodeld */,
			);
			path = CoreData;
			sourceTree = "<group>";
		};
		A389DCDA2BA9F8C30019D904 /* Modules */ = {
			isa = PBXGroup;
			children = (
				A32E0A312C170ED700A9625C /* Stored Images */,
				A3E299172C134F55007F22F7 /* Settings */,
				A34B65C52BCFCC9100A4CD96 /* Generated Image */,
				A3B12ECC2BB1CB6E009E4457 /* Create Image */,
				A389DCAB2BA9F5550019D904 /* ContentView_.swift */,
				A3B12ECF2BB1CD82009E4457 /* ContentView.swift */,
			);
			path = Modules;
			sourceTree = "<group>";
		};
		A3A4D33E2BD6A0BA00803D33 /* Cases */ = {
			isa = PBXGroup;
			children = (
				A3E3F85C2C1B1BF600720F5D /* Core Data */,
				A30FE2A42C0714B5009341A1 /* Networking */,
				A3A4D3452BD6B4C600803D33 /* Config Loader */,
				A3A4D3422BD6A5F900803D33 /* View Models */,
				A3A4D33F2BD6A0D300803D33 /* App Session */,
			);
			path = Cases;
			sourceTree = "<group>";
		};
		A3A4D33F2BD6A0D300803D33 /* App Session */ = {
			isa = PBXGroup;
			children = (
				A3A4D3402BD6A0F800803D33 /* AppSessionTests.swift */,
			);
			path = "App Session";
			sourceTree = "<group>";
		};
		A3A4D3422BD6A5F900803D33 /* View Models */ = {
			isa = PBXGroup;
			children = (
				A3A4D3432BD6A62800803D33 /* CreateImageViewModelTests.swift */,
			);
			path = "View Models";
			sourceTree = "<group>";
		};
		A3A4D3452BD6B4C600803D33 /* Config Loader */ = {
			isa = PBXGroup;
			children = (
				A3A4D3462BD6B4D800803D33 /* ConfigLoaderTests.swift */,
			);
			path = "Config Loader";
			sourceTree = "<group>";
		};
		A3A77E662BC6DAB400361F8F /* View */ = {
			isa = PBXGroup;
			children = (
				A3B12ECD2BB1CB89009E4457 /* CreateImageView.swift */,
			);
			path = View;
			sourceTree = "<group>";
		};
		A3A77E682BC6DAD200361F8F /* View Model */ = {
			isa = PBXGroup;
			children = (
				A3A77E692BC6DAE800361F8F /* CreateImageViewModel.swift */,
			);
			path = "View Model";
			sourceTree = "<group>";
		};
		A3B12EB12BB18675009E4457 /* HTTPRequest */ = {
			isa = PBXGroup;
			children = (
				A3B12EB22BB18690009E4457 /* HTTPRequest.swift */,
			);
			path = HTTPRequest;
			sourceTree = "<group>";
		};
		A3B12EB42BB18AD4009E4457 /* Utils */ = {
			isa = PBXGroup;
			children = (
				A3D247372C2D5EC500CE31C9 /* Models */,
				A3CEFD4D2C2B0A6600F9A11B /* Data Mappers */,
				A32E0A3A2C17360000A9625C /* Date Formatter */,
				A3DF39242BCE9A3B003EAF23 /* Extensions */,
				A3624E632BC7DC5500035098 /* Views */,
				A3B12EB52BB18ADF009E4457 /* Error */,
			);
			path = Utils;
			sourceTree = "<group>";
		};
		A3B12EB52BB18ADF009E4457 /* Error */ = {
			isa = PBXGroup;
			children = (
				A3B12EB62BB18B2B009E4457 /* ExtendedLocalizedError.swift */,
			);
			path = Error;
			sourceTree = "<group>";
		};
		A3B12EB82BB19120009E4457 /* Services */ = {
			isa = PBXGroup;
			children = (
				A3CEFD382C2AFD2100F9A11B /* AIGenerationModels */,
				A32E0A2B2C16FBCD00A9625C /* Storage */,
				A3B12EB92BB19134009E4457 /* Logging */,
				A3CC27172BAAF49A00571E5B /* HTTPClient */,
			);
			path = Services;
			sourceTree = "<group>";
		};
		A3B12EB92BB19134009E4457 /* Logging */ = {
			isa = PBXGroup;
			children = (
				A3B12EBC2BB1917C009E4457 /* Logable.swift */,
				A3B12EBA2BB19143009E4457 /* AppLogger.swift */,
			);
			path = Logging;
			sourceTree = "<group>";
		};
		A3B12EC12BB1BDDF009E4457 /* Requests */ = {
			isa = PBXGroup;
			children = (
				A3CEFD422C2B008900F9A11B /* Stable Diffusion */,
				A3CEFD412C2B008000F9A11B /* OpenAI */,
			);
			path = Requests;
			sourceTree = "<group>";
		};
		A3B12EC22BB1BDE6009E4457 /* Responses */ = {
			isa = PBXGroup;
			children = (
				A3CEFD4A2C2B03A100F9A11B /* Stable Diffusion */,
				A3CEFD492C2B039900F9A11B /* OpenAI */,
				A3E82D8F2C2AD75F00644597 /* ErrorResponse.swift */,
			);
			path = Responses;
			sourceTree = "<group>";
		};
		A3B12EC72BB1C0E8009E4457 /* Models */ = {
			isa = PBXGroup;
			children = (
			);
			path = Models;
			sourceTree = "<group>";
		};
		A3B12ECC2BB1CB6E009E4457 /* Create Image */ = {
			isa = PBXGroup;
			children = (
				A3A77E682BC6DAD200361F8F /* View Model */,
				A3A77E662BC6DAB400361F8F /* View */,
			);
			path = "Create Image";
			sourceTree = "<group>";
		};
		A3CC27162BAAF48D00571E5B /* AppSession */ = {
			isa = PBXGroup;
			children = (
				A3655B982BAA05DC006C0025 /* AppSession.swift */,
			);
			path = AppSession;
			sourceTree = "<group>";
		};
		A3CC27172BAAF49A00571E5B /* HTTPClient */ = {
			isa = PBXGroup;
			children = (
				A3B12EC72BB1C0E8009E4457 /* Models */,
				A3B12EC22BB1BDE6009E4457 /* Responses */,
				A3B12EC12BB1BDDF009E4457 /* Requests */,
				A3B12EB12BB18675009E4457 /* HTTPRequest */,
				A3CC27182BAAF4DA00571E5B /* OpenAIHTTPClient.swift */,
				A3CEFD472C2B02C200F9A11B /* StableDiffusionHTTPClient.swift */,
				A3B12EAF2BB18660009E4457 /* HTTPClient.swift */,
				A30FE2B12C0734EE009341A1 /* URLSessionProtocol.swift */,
				A3B4D5202BCD8F23007A6188 /* NetworkConnectionMonitor.swift */,
			);
			path = HTTPClient;
			sourceTree = "<group>";
		};
		A3CC271A2BAAF50F00571E5B /* ConfigLoader */ = {
			isa = PBXGroup;
			children = (
				A3CC271B2BAAF52A00571E5B /* ConfigLoader.swift */,
				A3CC271D2BAB365B00571E5B /* Config.plist */,
			);
			path = ConfigLoader;
			sourceTree = "<group>";
		};
		A3CEFD382C2AFD2100F9A11B /* AIGenerationModels */ = {
			isa = PBXGroup;
			children = (
				A3CEFD3B2C2AFD7C00F9A11B /* AIGenerationModel.swift */,
				A3CEFD3A2C2AFD3B00F9A11B /* Stable Diffusion */,
				A3CEFD392C2AFD2D00F9A11B /* Open AI */,
			);
			path = AIGenerationModels;
			sourceTree = "<group>";
		};
		A3CEFD392C2AFD2D00F9A11B /* Open AI */ = {
			isa = PBXGroup;
			children = (
				A3CEFD3F2C2AFF2900F9A11B /* OpenAIGenerationModel.swift */,
			);
			path = "Open AI";
			sourceTree = "<group>";
		};
		A3CEFD3A2C2AFD3B00F9A11B /* Stable Diffusion */ = {
			isa = PBXGroup;
			children = (
				A3CEFD3D2C2AFE1700F9A11B /* StableDiffusionModel.swift */,
			);
			path = "Stable Diffusion";
			sourceTree = "<group>";
		};
		A3CEFD412C2B008000F9A11B /* OpenAI */ = {
			isa = PBXGroup;
			children = (
				A3B12EC32BB1BFE1009E4457 /* OpenAICreateImageRequest.swift */,
				A3B12ECA2BB1C791009E4457 /* OpenAICreateImageRequestBody.swift */,
			);
			path = OpenAI;
			sourceTree = "<group>";
		};
		A3CEFD422C2B008900F9A11B /* Stable Diffusion */ = {
			isa = PBXGroup;
			children = (
				A3CEFD432C2B017600F9A11B /* StableDiffusionCreateImageRequest.swift */,
				A3CEFD452C2B01A200F9A11B /* StableDiffusionCreateImageRequestBody.swift */,
			);
			path = "Stable Diffusion";
			sourceTree = "<group>";
		};
		A3CEFD492C2B039900F9A11B /* OpenAI */ = {
			isa = PBXGroup;
			children = (
				A3B12EC52BB1C083009E4457 /* OpenAICreateImageResponse.swift */,
			);
			path = OpenAI;
			sourceTree = "<group>";
		};
		A3CEFD4A2C2B03A100F9A11B /* Stable Diffusion */ = {
			isa = PBXGroup;
			children = (
				A3CEFD4B2C2B03B600F9A11B /* StableDiffusionCreateImageResponse.swift */,
			);
			path = "Stable Diffusion";
			sourceTree = "<group>";
		};
		A3CEFD4D2C2B0A6600F9A11B /* Data Mappers */ = {
			isa = PBXGroup;
			children = (
				A3CEFD4E2C2B0A7800F9A11B /* Stable Diffusion */,
			);
			path = "Data Mappers";
			sourceTree = "<group>";
		};
		A3CEFD4E2C2B0A7800F9A11B /* Stable Diffusion */ = {
			isa = PBXGroup;
			children = (
				A3CEFD4F2C2B0A8F00F9A11B /* CreateImageResponseMapper.swift */,
			);
			path = "Stable Diffusion";
			sourceTree = "<group>";
		};
		A3D247372C2D5EC500CE31C9 /* Models */ = {
			isa = PBXGroup;
			children = (
				A3D247352C2D5E8900CE31C9 /* GeneratedImage.swift */,
			);
			path = Models;
			sourceTree = "<group>";
		};
		A3DF39242BCE9A3B003EAF23 /* Extensions */ = {
			isa = PBXGroup;
			children = (
				A30FE2AE2C072974009341A1 /* String */,
				A3DF39392BCED522003EAF23 /* Binding+Map */,
				A3DF39312BCEA69C003EAF23 /* Color+Custom */,
				A3DF39282BCE9AFF003EAF23 /* UIApplication+EndEditing */,
				A3DF39252BCE9A40003EAF23 /* View+DismissKeyboard */,
			);
			path = Extensions;
			sourceTree = "<group>";
		};
		A3DF39252BCE9A40003EAF23 /* View+DismissKeyboard */ = {
			isa = PBXGroup;
			children = (
				A3DF39262BCE9A66003EAF23 /* View+DismissKeyboard.swift */,
			);
			path = "View+DismissKeyboard";
			sourceTree = "<group>";
		};
		A3DF39282BCE9AFF003EAF23 /* UIApplication+EndEditing */ = {
			isa = PBXGroup;
			children = (
				A3DF39292BCE9B0D003EAF23 /* UIApplication+EndEditing.swift */,
			);
			path = "UIApplication+EndEditing";
			sourceTree = "<group>";
		};
		A3DF392E2BCEA5A5003EAF23 /* Button */ = {
			isa = PBXGroup;
			children = (
				A3DF39372BCEC7C8003EAF23 /* MainButton.swift */,
			);
			path = Button;
			sourceTree = "<group>";
		};
		A3DF39312BCEA69C003EAF23 /* Color+Custom */ = {
			isa = PBXGroup;
			children = (
				A3DF39322BCEA6B0003EAF23 /* Color+Custom.swift */,
			);
			path = "Color+Custom";
			sourceTree = "<group>";
		};
		A3DF39342BCEC284003EAF23 /* Button Styles */ = {
			isa = PBXGroup;
			children = (
				A34B65CF2BCFE3CA00A4CD96 /* OptionButtonStyle.swift */,
				A3DF39352BCEC299003EAF23 /* CTAButtonStyle.swift */,
			);
			path = "Button Styles";
			sourceTree = "<group>";
		};
		A3DF39392BCED522003EAF23 /* Binding+Map */ = {
			isa = PBXGroup;
			children = (
				A3DF393A2BCED533003EAF23 /* Binding+Map.swift */,
			);
			path = "Binding+Map";
			sourceTree = "<group>";
		};
		A3E299172C134F55007F22F7 /* Settings */ = {
			isa = PBXGroup;
			children = (
				A3E299182C134F63007F22F7 /* View Model */,
				A3E299192C134F6C007F22F7 /* View */,
			);
			path = Settings;
			sourceTree = "<group>";
		};
		A3E299182C134F63007F22F7 /* View Model */ = {
			isa = PBXGroup;
			children = (
				A3E2991A2C134F84007F22F7 /* SettingsViewModel.swift */,
			);
			path = "View Model";
			sourceTree = "<group>";
		};
		A3E299192C134F6C007F22F7 /* View */ = {
			isa = PBXGroup;
			children = (
				A3E299152C13487A007F22F7 /* SettingsView.swift */,
			);
			path = View;
			sourceTree = "<group>";
		};
		A3E3F85C2C1B1BF600720F5D /* Core Data */ = {
			isa = PBXGroup;
			children = (
				A3E3F85D2C1B1C1000720F5D /* StoredDataManagerTests.swift */,
			);
			path = "Core Data";
			sourceTree = "<group>";
		};
		A3E4D8C22C16F76400738266 /* Models */ = {
			isa = PBXGroup;
			children = (
				A3E4D8C32C16F76400738266 /* StoredImage+CoreDataProperties.swift */,
				A3E4D8C42C16F76400738266 /* StoredImage+CoreDataClass.swift */,
			);
			path = Models;
			sourceTree = "<group>";
		};
/* End PBXGroup section */

/* Begin PBXNativeTarget section */
		A389DCA52BA9F5540019D904 /* Image Genarator */ = {
			isa = PBXNativeTarget;
			buildConfigurationList = A389DCCF2BA9F5590019D904 /* Build configuration list for PBXNativeTarget "Image Genarator" */;
			buildPhases = (
				A389DCA22BA9F5540019D904 /* Sources */,
				A389DCA32BA9F5540019D904 /* Frameworks */,
				A389DCA42BA9F5540019D904 /* Resources */,
			);
			buildRules = (
			);
			dependencies = (
			);
			name = "Image Genarator";
			productName = "Image Genarator";
			productReference = A389DCA62BA9F5540019D904 /* Image Genarator.app */;
			productType = "com.apple.product-type.application";
		};
		A389DCBA2BA9F5590019D904 /* Image GenaratorTests */ = {
			isa = PBXNativeTarget;
			buildConfigurationList = A389DCD22BA9F5590019D904 /* Build configuration list for PBXNativeTarget "Image GenaratorTests" */;
			buildPhases = (
				A389DCB72BA9F5590019D904 /* Sources */,
				A389DCB82BA9F5590019D904 /* Frameworks */,
				A389DCB92BA9F5590019D904 /* Resources */,
			);
			buildRules = (
			);
			dependencies = (
				A389DCBD2BA9F5590019D904 /* PBXTargetDependency */,
			);
			name = "Image GenaratorTests";
			productName = "Image GenaratorTests";
			productReference = A389DCBB2BA9F5590019D904 /* Image GenaratorTests.xctest */;
			productType = "com.apple.product-type.bundle.unit-test";
		};
		A389DCC42BA9F5590019D904 /* Image GenaratorUITests */ = {
			isa = PBXNativeTarget;
			buildConfigurationList = A389DCD52BA9F5590019D904 /* Build configuration list for PBXNativeTarget "Image GenaratorUITests" */;
			buildPhases = (
				A389DCC12BA9F5590019D904 /* Sources */,
				A389DCC22BA9F5590019D904 /* Frameworks */,
				A389DCC32BA9F5590019D904 /* Resources */,
			);
			buildRules = (
			);
			dependencies = (
				A389DCC72BA9F5590019D904 /* PBXTargetDependency */,
			);
			name = "Image GenaratorUITests";
			productName = "Image GenaratorUITests";
			productReference = A389DCC52BA9F5590019D904 /* Image GenaratorUITests.xctest */;
			productType = "com.apple.product-type.bundle.ui-testing";
		};
/* End PBXNativeTarget section */

/* Begin PBXProject section */
		A389DC9E2BA9F5540019D904 /* Project object */ = {
			isa = PBXProject;
			attributes = {
				BuildIndependentTargetsInParallel = 1;
				LastSwiftUpdateCheck = 1400;
				LastUpgradeCheck = 1400;
				TargetAttributes = {
					A389DCA52BA9F5540019D904 = {
						CreatedOnToolsVersion = 14.0;
					};
					A389DCBA2BA9F5590019D904 = {
						CreatedOnToolsVersion = 14.0;
						TestTargetID = A389DCA52BA9F5540019D904;
					};
					A389DCC42BA9F5590019D904 = {
						CreatedOnToolsVersion = 14.0;
						TestTargetID = A389DCA52BA9F5540019D904;
					};
				};
			};
			buildConfigurationList = A389DCA12BA9F5540019D904 /* Build configuration list for PBXProject "Image Genarator" */;
			compatibilityVersion = "Xcode 14.0";
			developmentRegion = en;
			hasScannedForEncodings = 0;
			knownRegions = (
				en,
				Base,
			);
			mainGroup = A389DC9D2BA9F5540019D904;
			productRefGroup = A389DCA72BA9F5540019D904 /* Products */;
			projectDirPath = "";
			projectRoot = "";
			targets = (
				A389DCA52BA9F5540019D904 /* Image Genarator */,
				A389DCBA2BA9F5590019D904 /* Image GenaratorTests */,
				A389DCC42BA9F5590019D904 /* Image GenaratorUITests */,
			);
		};
/* End PBXProject section */

/* Begin PBXResourcesBuildPhase section */
		A389DCA42BA9F5540019D904 /* Resources */ = {
			isa = PBXResourcesBuildPhase;
			buildActionMask = 2147483647;
			files = (
				A389DCB12BA9F5580019D904 /* Preview Assets.xcassets in Resources */,
				A389DCAE2BA9F5580019D904 /* Assets.xcassets in Resources */,
				A3CC271E2BAB365B00571E5B /* Config.plist in Resources */,
				A3A77E652BC6D20600361F8F /* Roadmap in Resources */,
			);
			runOnlyForDeploymentPostprocessing = 0;
		};
		A389DCB92BA9F5590019D904 /* Resources */ = {
			isa = PBXResourcesBuildPhase;
			buildActionMask = 2147483647;
			files = (
				A30FE2C02C077F8D009341A1 /* CreateImageResponse_WrongKey.json in Resources */,
				A30FE2BB2C0778D4009341A1 /* CreateImageResponse.json in Resources */,
			);
			runOnlyForDeploymentPostprocessing = 0;
		};
		A389DCC32BA9F5590019D904 /* Resources */ = {
			isa = PBXResourcesBuildPhase;
			buildActionMask = 2147483647;
			files = (
			);
			runOnlyForDeploymentPostprocessing = 0;
		};
/* End PBXResourcesBuildPhase section */

/* Begin PBXSourcesBuildPhase section */
		A389DCA22BA9F5540019D904 /* Sources */ = {
			isa = PBXSourcesBuildPhase;
			buildActionMask = 2147483647;
			files = (
				A3CEFD3C2C2AFD7C00F9A11B /* AIGenerationModel.swift in Sources */,
				A32E0A2E2C16FBF900A9625C /* StoredImagesDataManager.swift in Sources */,
				A3A77E6A2BC6DAE800361F8F /* CreateImageViewModel.swift in Sources */,
				A3DF392A2BCE9B0D003EAF23 /* UIApplication+EndEditing.swift in Sources */,
				A34B65CE2BCFE17400A4CD96 /* OptionButton.swift in Sources */,
				A32E0A3E2C1754E600A9625C /* PersistentContainerProtocol.swift in Sources */,
				A32E0A3C2C17361200A9625C /* AppDateFormatter.swift in Sources */,
				A3E4D8C52C16F76400738266 /* StoredImage+CoreDataProperties.swift in Sources */,
				A3CC27262BAB39FF00571E5B /* APIUrls.swift in Sources */,
				A3624E692BC816C800035098 /* AlertView.swift in Sources */,
				A3B4D5212BCD8F23007A6188 /* NetworkConnectionMonitor.swift in Sources */,
				A3E4D8C62C16F76400738266 /* StoredImage+CoreDataClass.swift in Sources */,
				A3CEFD3E2C2AFE1700F9A11B /* StableDiffusionModel.swift in Sources */,
				A3655B992BAA05DC006C0025 /* AppSession.swift in Sources */,
				A3E2991B2C134F84007F22F7 /* SettingsViewModel.swift in Sources */,
				A3B12EBB2BB19143009E4457 /* AppLogger.swift in Sources */,
				A3BF9EB12BD0379B00B9F082 /* SheetViewRow.swift in Sources */,
				A3DF39382BCEC7C8003EAF23 /* MainButton.swift in Sources */,
				A3CC27192BAAF4DA00571E5B /* OpenAIHTTPClient.swift in Sources */,
				A3CEFD482C2B02C200F9A11B /* StableDiffusionHTTPClient.swift in Sources */,
				A3B12EB72BB18B2B009E4457 /* ExtendedLocalizedError.swift in Sources */,
				A32E0A372C170F3100A9625C /* StoredImagesView.swift in Sources */,
				A3B12EC42BB1BFE1009E4457 /* OpenAICreateImageRequest.swift in Sources */,
				A32E0A302C170C8E00A9625C /* StoredDataManager.swift in Sources */,
				A34B65C92BCFCCB800A4CD96 /* GeneratedImageView.swift in Sources */,
				A3DF39332BCEA6B0003EAF23 /* Color+Custom.swift in Sources */,
				A3B12EBD2BB1917C009E4457 /* Logable.swift in Sources */,
				A32E0A392C17117E00A9625C /* StoredImageItemView.swift in Sources */,
				A34B65D32BD01B4200A4CD96 /* SheetView.swift in Sources */,
				A3DF393B2BCED533003EAF23 /* Binding+Map.swift in Sources */,
				A3624E6C2BC831E500035098 /* ErrorImage.swift in Sources */,
				A34B65D02BCFE3CA00A4CD96 /* OptionButtonStyle.swift in Sources */,
				A3CEFD4C2C2B03D600F9A11B /* StableDiffusionCreateImageResponse.swift in Sources */,
				A3CEFD462C2B01A200F9A11B /* StableDiffusionCreateImageRequestBody.swift in Sources */,
				A3DF39362BCEC299003EAF23 /* CTAButtonStyle.swift in Sources */,
				A3CEFD442C2B017600F9A11B /* StableDiffusionCreateImageRequest.swift in Sources */,
				A389DCB62BA9F5580019D904 /* Image_Genarator.xcdatamodeld in Sources */,
				A3B12ECB2BB1C791009E4457 /* OpenAICreateImageRequestBody.swift in Sources */,
				A3CC271C2BAAF52A00571E5B /* ConfigLoader.swift in Sources */,
				A3B12EC62BB1C083009E4457 /* OpenAICreateImageResponse.swift in Sources */,
				A3624E662BC7DC7500035098 /* LoadingView.swift in Sources */,
				A3DF39272BCE9A66003EAF23 /* View+DismissKeyboard.swift in Sources */,
				A32E0A352C170EF200A9625C /* StoredImagesViewModel.swift in Sources */,
				A3B12EB02BB18660009E4457 /* HTTPClient.swift in Sources */,
				A3E82D902C2AD75F00644597 /* ErrorResponse.swift in Sources */,
				A3B12ED02BB1CD82009E4457 /* ContentView.swift in Sources */,
				A3B12EB32BB18690009E4457 /* HTTPRequest.swift in Sources */,
				A389DCAA2BA9F5540019D904 /* Image_GenaratorApp.swift in Sources */,
				A30FE2B22C0734EE009341A1 /* URLSessionProtocol.swift in Sources */,
				A3D247362C2D5E8A00CE31C9 /* GeneratedImage.swift in Sources */,
				A3B12ED12BB1CDC6009E4457 /* CreateImageView.swift in Sources */,
				A30FE2B02C072982009341A1 /* StringOptional+NotEmpty.swift in Sources */,
				A3CEFD502C2B0A8F00F9A11B /* CreateImageResponseMapper.swift in Sources */,
				A3CEFD402C2AFF2900F9A11B /* OpenAIGenerationModel.swift in Sources */,
				A34B65CB2BCFCCC400A4CD96 /* GeneratedImageViewModel.swift in Sources */,
				A3E299162C13487A007F22F7 /* SettingsView.swift in Sources */,
			);
			runOnlyForDeploymentPostprocessing = 0;
		};
		A389DCB72BA9F5590019D904 /* Sources */ = {
			isa = PBXSourcesBuildPhase;
			buildActionMask = 2147483647;
			files = (
				A30FE2B42C07380F009341A1 /* MockUrlSession.swift in Sources */,
				A30FE2B72C07696D009341A1 /* XCTestFuncs.swift in Sources */,
				A3A4D3442BD6A62800803D33 /* CreateImageViewModelTests.swift in Sources */,
				A3A4D3412BD6A0F800803D33 /* AppSessionTests.swift in Sources */,
				A30FE2AB2C071DBA009341A1 /* OpenAIHTTPClientTests.swift in Sources */,
				A3A4D3472BD6B4D800803D33 /* ConfigLoaderTests.swift in Sources */,
				A3E3F8632C1B225400720F5D /* MockPersistentContainer.swift in Sources */,
				A30FE2A92C071650009341A1 /* MockHTTPClient.swift in Sources */,
				A30FE2AD2C0721BD009341A1 /* MockHTTPRequest.swift in Sources */,
				A389DCC02BA9F5590019D904 /* Image_GenaratorTests.swift in Sources */,
				A30FE2BF2C077B0C009341A1 /* Data+JSONFromFile.swift in Sources */,
				A3E3F85E2C1B1C1000720F5D /* StoredDataManagerTests.swift in Sources */,
			);
			runOnlyForDeploymentPostprocessing = 0;
		};
		A389DCC12BA9F5590019D904 /* Sources */ = {
			isa = PBXSourcesBuildPhase;
			buildActionMask = 2147483647;
			files = (
				A389DCCC2BA9F5590019D904 /* Image_GenaratorUITestsLaunchTests.swift in Sources */,
				A389DCCA2BA9F5590019D904 /* Image_GenaratorUITests.swift in Sources */,
			);
			runOnlyForDeploymentPostprocessing = 0;
		};
/* End PBXSourcesBuildPhase section */

/* Begin PBXTargetDependency section */
		A389DCBD2BA9F5590019D904 /* PBXTargetDependency */ = {
			isa = PBXTargetDependency;
			target = A389DCA52BA9F5540019D904 /* Image Genarator */;
			targetProxy = A389DCBC2BA9F5590019D904 /* PBXContainerItemProxy */;
		};
		A389DCC72BA9F5590019D904 /* PBXTargetDependency */ = {
			isa = PBXTargetDependency;
			target = A389DCA52BA9F5540019D904 /* Image Genarator */;
			targetProxy = A389DCC62BA9F5590019D904 /* PBXContainerItemProxy */;
		};
/* End PBXTargetDependency section */

/* Begin XCBuildConfiguration section */
		A389DCCD2BA9F5590019D904 /* Debug */ = {
			isa = XCBuildConfiguration;
			buildSettings = {
				ALWAYS_SEARCH_USER_PATHS = NO;
				CLANG_ANALYZER_NONNULL = YES;
				CLANG_ANALYZER_NUMBER_OBJECT_CONVERSION = YES_AGGRESSIVE;
				CLANG_CXX_LANGUAGE_STANDARD = "gnu++20";
				CLANG_ENABLE_MODULES = YES;
				CLANG_ENABLE_OBJC_ARC = YES;
				CLANG_ENABLE_OBJC_WEAK = YES;
				CLANG_WARN_BLOCK_CAPTURE_AUTORELEASING = YES;
				CLANG_WARN_BOOL_CONVERSION = YES;
				CLANG_WARN_COMMA = YES;
				CLANG_WARN_CONSTANT_CONVERSION = YES;
				CLANG_WARN_DEPRECATED_OBJC_IMPLEMENTATIONS = YES;
				CLANG_WARN_DIRECT_OBJC_ISA_USAGE = YES_ERROR;
				CLANG_WARN_DOCUMENTATION_COMMENTS = YES;
				CLANG_WARN_EMPTY_BODY = YES;
				CLANG_WARN_ENUM_CONVERSION = YES;
				CLANG_WARN_INFINITE_RECURSION = YES;
				CLANG_WARN_INT_CONVERSION = YES;
				CLANG_WARN_NON_LITERAL_NULL_CONVERSION = YES;
				CLANG_WARN_OBJC_IMPLICIT_RETAIN_SELF = YES;
				CLANG_WARN_OBJC_LITERAL_CONVERSION = YES;
				CLANG_WARN_OBJC_ROOT_CLASS = YES_ERROR;
				CLANG_WARN_QUOTED_INCLUDE_IN_FRAMEWORK_HEADER = YES;
				CLANG_WARN_RANGE_LOOP_ANALYSIS = YES;
				CLANG_WARN_STRICT_PROTOTYPES = YES;
				CLANG_WARN_SUSPICIOUS_MOVE = YES;
				CLANG_WARN_UNGUARDED_AVAILABILITY = YES_AGGRESSIVE;
				CLANG_WARN_UNREACHABLE_CODE = YES;
				CLANG_WARN__DUPLICATE_METHOD_MATCH = YES;
				COPY_PHASE_STRIP = NO;
				DEBUG_INFORMATION_FORMAT = dwarf;
				ENABLE_STRICT_OBJC_MSGSEND = YES;
				ENABLE_TESTABILITY = YES;
				GCC_C_LANGUAGE_STANDARD = gnu11;
				GCC_DYNAMIC_NO_PIC = NO;
				GCC_NO_COMMON_BLOCKS = YES;
				GCC_OPTIMIZATION_LEVEL = 0;
				GCC_PREPROCESSOR_DEFINITIONS = (
					"DEBUG=1",
					"$(inherited)",
				);
				GCC_WARN_64_TO_32_BIT_CONVERSION = YES;
				GCC_WARN_ABOUT_RETURN_TYPE = YES_ERROR;
				GCC_WARN_UNDECLARED_SELECTOR = YES;
				GCC_WARN_UNINITIALIZED_AUTOS = YES_AGGRESSIVE;
				GCC_WARN_UNUSED_FUNCTION = YES;
				GCC_WARN_UNUSED_VARIABLE = YES;
				IPHONEOS_DEPLOYMENT_TARGET = 16.0;
				MTL_ENABLE_DEBUG_INFO = INCLUDE_SOURCE;
				MTL_FAST_MATH = YES;
				ONLY_ACTIVE_ARCH = YES;
				SDKROOT = iphoneos;
				SWIFT_ACTIVE_COMPILATION_CONDITIONS = DEBUG;
				SWIFT_OPTIMIZATION_LEVEL = "-Onone";
			};
			name = Debug;
		};
		A389DCCE2BA9F5590019D904 /* Release */ = {
			isa = XCBuildConfiguration;
			buildSettings = {
				ALWAYS_SEARCH_USER_PATHS = NO;
				CLANG_ANALYZER_NONNULL = YES;
				CLANG_ANALYZER_NUMBER_OBJECT_CONVERSION = YES_AGGRESSIVE;
				CLANG_CXX_LANGUAGE_STANDARD = "gnu++20";
				CLANG_ENABLE_MODULES = YES;
				CLANG_ENABLE_OBJC_ARC = YES;
				CLANG_ENABLE_OBJC_WEAK = YES;
				CLANG_WARN_BLOCK_CAPTURE_AUTORELEASING = YES;
				CLANG_WARN_BOOL_CONVERSION = YES;
				CLANG_WARN_COMMA = YES;
				CLANG_WARN_CONSTANT_CONVERSION = YES;
				CLANG_WARN_DEPRECATED_OBJC_IMPLEMENTATIONS = YES;
				CLANG_WARN_DIRECT_OBJC_ISA_USAGE = YES_ERROR;
				CLANG_WARN_DOCUMENTATION_COMMENTS = YES;
				CLANG_WARN_EMPTY_BODY = YES;
				CLANG_WARN_ENUM_CONVERSION = YES;
				CLANG_WARN_INFINITE_RECURSION = YES;
				CLANG_WARN_INT_CONVERSION = YES;
				CLANG_WARN_NON_LITERAL_NULL_CONVERSION = YES;
				CLANG_WARN_OBJC_IMPLICIT_RETAIN_SELF = YES;
				CLANG_WARN_OBJC_LITERAL_CONVERSION = YES;
				CLANG_WARN_OBJC_ROOT_CLASS = YES_ERROR;
				CLANG_WARN_QUOTED_INCLUDE_IN_FRAMEWORK_HEADER = YES;
				CLANG_WARN_RANGE_LOOP_ANALYSIS = YES;
				CLANG_WARN_STRICT_PROTOTYPES = YES;
				CLANG_WARN_SUSPICIOUS_MOVE = YES;
				CLANG_WARN_UNGUARDED_AVAILABILITY = YES_AGGRESSIVE;
				CLANG_WARN_UNREACHABLE_CODE = YES;
				CLANG_WARN__DUPLICATE_METHOD_MATCH = YES;
				COPY_PHASE_STRIP = NO;
				DEBUG_INFORMATION_FORMAT = "dwarf-with-dsym";
				ENABLE_NS_ASSERTIONS = NO;
				ENABLE_STRICT_OBJC_MSGSEND = YES;
				GCC_C_LANGUAGE_STANDARD = gnu11;
				GCC_NO_COMMON_BLOCKS = YES;
				GCC_WARN_64_TO_32_BIT_CONVERSION = YES;
				GCC_WARN_ABOUT_RETURN_TYPE = YES_ERROR;
				GCC_WARN_UNDECLARED_SELECTOR = YES;
				GCC_WARN_UNINITIALIZED_AUTOS = YES_AGGRESSIVE;
				GCC_WARN_UNUSED_FUNCTION = YES;
				GCC_WARN_UNUSED_VARIABLE = YES;
				IPHONEOS_DEPLOYMENT_TARGET = 16.0;
				MTL_ENABLE_DEBUG_INFO = NO;
				MTL_FAST_MATH = YES;
				SDKROOT = iphoneos;
				SWIFT_COMPILATION_MODE = wholemodule;
				SWIFT_OPTIMIZATION_LEVEL = "-O";
				VALIDATE_PRODUCT = YES;
			};
			name = Release;
		};
		A389DCD02BA9F5590019D904 /* Debug */ = {
			isa = XCBuildConfiguration;
			buildSettings = {
				ASSETCATALOG_COMPILER_APPICON_NAME = AppIcon;
				ASSETCATALOG_COMPILER_GLOBAL_ACCENT_COLOR_NAME = AccentColor;
				CODE_SIGN_STYLE = Automatic;
				CURRENT_PROJECT_VERSION = 1;
				DEVELOPMENT_ASSET_PATHS = "\"Image Genarator/Preview Content\"";
				DEVELOPMENT_TEAM = V6XQXZ6H2Y;
				ENABLE_PREVIEWS = YES;
				GENERATE_INFOPLIST_FILE = YES;
				INFOPLIST_KEY_UIApplicationSceneManifest_Generation = YES;
				INFOPLIST_KEY_UIApplicationSupportsIndirectInputEvents = YES;
				INFOPLIST_KEY_UILaunchScreen_Generation = YES;
				INFOPLIST_KEY_UISupportedInterfaceOrientations_iPad = "UIInterfaceOrientationPortrait UIInterfaceOrientationPortraitUpsideDown UIInterfaceOrientationLandscapeLeft UIInterfaceOrientationLandscapeRight";
				INFOPLIST_KEY_UISupportedInterfaceOrientations_iPhone = "UIInterfaceOrientationPortrait UIInterfaceOrientationLandscapeLeft UIInterfaceOrientationLandscapeRight";
				IPHONEOS_DEPLOYMENT_TARGET = 16.0;
				LD_RUNPATH_SEARCH_PATHS = (
					"$(inherited)",
					"@executable_path/Frameworks",
				);
				MARKETING_VERSION = 1.0;
				PRODUCT_BUNDLE_IDENTIFIER = "com.abidnyk.Image-Genarator";
				PRODUCT_NAME = "$(TARGET_NAME)";
				SWIFT_EMIT_LOC_STRINGS = YES;
				SWIFT_VERSION = 5.0;
				TARGETED_DEVICE_FAMILY = "1,2";
			};
			name = Debug;
		};
		A389DCD12BA9F5590019D904 /* Release */ = {
			isa = XCBuildConfiguration;
			buildSettings = {
				ASSETCATALOG_COMPILER_APPICON_NAME = AppIcon;
				ASSETCATALOG_COMPILER_GLOBAL_ACCENT_COLOR_NAME = AccentColor;
				CODE_SIGN_STYLE = Automatic;
				CURRENT_PROJECT_VERSION = 1;
				DEVELOPMENT_ASSET_PATHS = "\"Image Genarator/Preview Content\"";
				DEVELOPMENT_TEAM = V6XQXZ6H2Y;
				ENABLE_PREVIEWS = YES;
				GENERATE_INFOPLIST_FILE = YES;
				INFOPLIST_KEY_UIApplicationSceneManifest_Generation = YES;
				INFOPLIST_KEY_UIApplicationSupportsIndirectInputEvents = YES;
				INFOPLIST_KEY_UILaunchScreen_Generation = YES;
				INFOPLIST_KEY_UISupportedInterfaceOrientations_iPad = "UIInterfaceOrientationPortrait UIInterfaceOrientationPortraitUpsideDown UIInterfaceOrientationLandscapeLeft UIInterfaceOrientationLandscapeRight";
				INFOPLIST_KEY_UISupportedInterfaceOrientations_iPhone = "UIInterfaceOrientationPortrait UIInterfaceOrientationLandscapeLeft UIInterfaceOrientationLandscapeRight";
				IPHONEOS_DEPLOYMENT_TARGET = 16.0;
				LD_RUNPATH_SEARCH_PATHS = (
					"$(inherited)",
					"@executable_path/Frameworks",
				);
				MARKETING_VERSION = 1.0;
				PRODUCT_BUNDLE_IDENTIFIER = "com.abidnyk.Image-Genarator";
				PRODUCT_NAME = "$(TARGET_NAME)";
				SWIFT_EMIT_LOC_STRINGS = YES;
				SWIFT_VERSION = 5.0;
				TARGETED_DEVICE_FAMILY = "1,2";
			};
			name = Release;
		};
		A389DCD32BA9F5590019D904 /* Debug */ = {
			isa = XCBuildConfiguration;
			buildSettings = {
				ALWAYS_EMBED_SWIFT_STANDARD_LIBRARIES = YES;
				BUNDLE_LOADER = "$(TEST_HOST)";
				CODE_SIGN_STYLE = Automatic;
				CURRENT_PROJECT_VERSION = 1;
				DEVELOPMENT_TEAM = V6XQXZ6H2Y;
				GENERATE_INFOPLIST_FILE = YES;
				IPHONEOS_DEPLOYMENT_TARGET = 16.0;
				MARKETING_VERSION = 1.0;
				PRODUCT_BUNDLE_IDENTIFIER = "com.abidnyk.Image-GenaratorTests";
				PRODUCT_NAME = "$(TARGET_NAME)";
				SWIFT_EMIT_LOC_STRINGS = NO;
				SWIFT_VERSION = 5.0;
				TARGETED_DEVICE_FAMILY = "1,2";
				TEST_HOST = "$(BUILT_PRODUCTS_DIR)/Image Genarator.app/$(BUNDLE_EXECUTABLE_FOLDER_PATH)/Image Genarator";
			};
			name = Debug;
		};
		A389DCD42BA9F5590019D904 /* Release */ = {
			isa = XCBuildConfiguration;
			buildSettings = {
				ALWAYS_EMBED_SWIFT_STANDARD_LIBRARIES = YES;
				BUNDLE_LOADER = "$(TEST_HOST)";
				CODE_SIGN_STYLE = Automatic;
				CURRENT_PROJECT_VERSION = 1;
				DEVELOPMENT_TEAM = V6XQXZ6H2Y;
				GENERATE_INFOPLIST_FILE = YES;
				IPHONEOS_DEPLOYMENT_TARGET = 16.0;
				MARKETING_VERSION = 1.0;
				PRODUCT_BUNDLE_IDENTIFIER = "com.abidnyk.Image-GenaratorTests";
				PRODUCT_NAME = "$(TARGET_NAME)";
				SWIFT_EMIT_LOC_STRINGS = NO;
				SWIFT_VERSION = 5.0;
				TARGETED_DEVICE_FAMILY = "1,2";
				TEST_HOST = "$(BUILT_PRODUCTS_DIR)/Image Genarator.app/$(BUNDLE_EXECUTABLE_FOLDER_PATH)/Image Genarator";
			};
			name = Release;
		};
		A389DCD62BA9F5590019D904 /* Debug */ = {
			isa = XCBuildConfiguration;
			buildSettings = {
				ALWAYS_EMBED_SWIFT_STANDARD_LIBRARIES = YES;
				CODE_SIGN_STYLE = Automatic;
				CURRENT_PROJECT_VERSION = 1;
				DEVELOPMENT_TEAM = V6XQXZ6H2Y;
				GENERATE_INFOPLIST_FILE = YES;
				MARKETING_VERSION = 1.0;
				PRODUCT_BUNDLE_IDENTIFIER = "com.abidnyk.Image-GenaratorUITests";
				PRODUCT_NAME = "$(TARGET_NAME)";
				SWIFT_EMIT_LOC_STRINGS = NO;
				SWIFT_VERSION = 5.0;
				TARGETED_DEVICE_FAMILY = "1,2";
				TEST_TARGET_NAME = "Image Genarator";
			};
			name = Debug;
		};
		A389DCD72BA9F5590019D904 /* Release */ = {
			isa = XCBuildConfiguration;
			buildSettings = {
				ALWAYS_EMBED_SWIFT_STANDARD_LIBRARIES = YES;
				CODE_SIGN_STYLE = Automatic;
				CURRENT_PROJECT_VERSION = 1;
				DEVELOPMENT_TEAM = V6XQXZ6H2Y;
				GENERATE_INFOPLIST_FILE = YES;
				MARKETING_VERSION = 1.0;
				PRODUCT_BUNDLE_IDENTIFIER = "com.abidnyk.Image-GenaratorUITests";
				PRODUCT_NAME = "$(TARGET_NAME)";
				SWIFT_EMIT_LOC_STRINGS = NO;
				SWIFT_VERSION = 5.0;
				TARGETED_DEVICE_FAMILY = "1,2";
				TEST_TARGET_NAME = "Image Genarator";
			};
			name = Release;
		};
/* End XCBuildConfiguration section */

/* Begin XCConfigurationList section */
		A389DCA12BA9F5540019D904 /* Build configuration list for PBXProject "Image Genarator" */ = {
			isa = XCConfigurationList;
			buildConfigurations = (
				A389DCCD2BA9F5590019D904 /* Debug */,
				A389DCCE2BA9F5590019D904 /* Release */,
			);
			defaultConfigurationIsVisible = 0;
			defaultConfigurationName = Release;
		};
		A389DCCF2BA9F5590019D904 /* Build configuration list for PBXNativeTarget "Image Genarator" */ = {
			isa = XCConfigurationList;
			buildConfigurations = (
				A389DCD02BA9F5590019D904 /* Debug */,
				A389DCD12BA9F5590019D904 /* Release */,
			);
			defaultConfigurationIsVisible = 0;
			defaultConfigurationName = Release;
		};
		A389DCD22BA9F5590019D904 /* Build configuration list for PBXNativeTarget "Image GenaratorTests" */ = {
			isa = XCConfigurationList;
			buildConfigurations = (
				A389DCD32BA9F5590019D904 /* Debug */,
				A389DCD42BA9F5590019D904 /* Release */,
			);
			defaultConfigurationIsVisible = 0;
			defaultConfigurationName = Release;
		};
		A389DCD52BA9F5590019D904 /* Build configuration list for PBXNativeTarget "Image GenaratorUITests" */ = {
			isa = XCConfigurationList;
			buildConfigurations = (
				A389DCD62BA9F5590019D904 /* Debug */,
				A389DCD72BA9F5590019D904 /* Release */,
			);
			defaultConfigurationIsVisible = 0;
			defaultConfigurationName = Release;
		};
/* End XCConfigurationList section */

/* Begin XCVersionGroup section */
		A389DCB42BA9F5580019D904 /* Image_Genarator.xcdatamodeld */ = {
			isa = XCVersionGroup;
			children = (
				A389DCB52BA9F5580019D904 /* Image_Genarator.xcdatamodel */,
			);
			currentVersion = A389DCB52BA9F5580019D904 /* Image_Genarator.xcdatamodel */;
			path = Image_Genarator.xcdatamodeld;
			sourceTree = "<group>";
			versionGroupType = wrapper.xcdatamodel;
		};
/* End XCVersionGroup section */
	};
	rootObject = A389DC9E2BA9F5540019D904 /* Project object */;
}
